
Microsoft Visual Studio Solution File, Format Version 12.00
# Visual Studio Version 17
VisualStudioVersion = 17.13.35825.156 d17.13
MinimumVisualStudioVersion = 10.0.40219.1
Project("{FAE04EC0-301F-11D3-BF4B-00C04F79EFBC}") = "SanJuanProject", "SanJuanProject\SanJuanProject.csproj", "{72982174-744E-4168-8626-D9128CDBF94E}"
EndProject
Global
	GlobalSection(SolutionConfigurationPlatforms) = preSolution
		Debug|Any CPU = Debug|Any CPU
		Release|Any CPU = Release|Any CPU
	EndGlobalSection
	GlobalSection(ProjectConfigurationPlatforms) = postSolution
		{72982174-744E-4168-8626-D9128CDBF94E}.Debug|Any CPU.ActiveCfg = Debug|Any CPU
		{72982174-744E-4168-8626-D9128CDBF94E}.Debug|Any CPU.Build.0 = Debug|Any CPU
		{72982174-744E-4168-8626-D9128CDBF94E}.Release|Any CPU.ActiveCfg = Release|Any CPU
		{72982174-744E-4168-8626-D9128CDBF94E}.Release|Any CPU.Build.0 = Release|Any CPU
	EndGlobalSection
	GlobalSection(SolutionProperties) = preSolution
		HideSolutionNode = FALSE
	EndGlobalSection
	GlobalSection(ExtensibilityGlobals) = postSolution
		SolutionGuid = {65D0BB2A-4497-4FA3-A218-1DF807BF7769}
	EndGlobalSection
EndGlobal
